// !$*UTF8*$!
{
	archiveVersion = 1;
	classes = {
	};
	objectVersion = 56;
	objects = {

/* Begin PBXBuildFile section */
		5DF8BD662CA3FBC3004DBBFF /* TestApp.swift in Sources */ = {isa = PBXBuildFile; fileRef = 5DF8BD652CA3FBC3004DBBFF /* TestApp.swift */; };
		5DF8BD682CA3FBC3004DBBFF /* ContentView.swift in Sources */ = {isa = PBXBuildFile; fileRef = 5DF8BD672CA3FBC3004DBBFF /* ContentView.swift */; };
		5DF8BD6A2CA3FBC3004DBBFF /* Assets.xcassets in Resources */ = {isa = PBXBuildFile; fileRef = 5DF8BD692CA3FBC3004DBBFF /* Assets.xcassets */; };
		5DF8BD6D2CA3FBC3004DBBFF /* Preview Assets.xcassets in Resources */ = {isa = PBXBuildFile; fileRef = 5DF8BD6C2CA3FBC3004DBBFF /* Preview Assets.xcassets */; };
		5DF8BD772CA3FBC4004DBBFF /* TestTests.swift in Sources */ = {isa = PBXBuildFile; fileRef = 5DF8BD762CA3FBC4004DBBFF /* TestTests.swift */; };
		5DF8BD812CA3FBC4004DBBFF /* TestUITests.swift in Sources */ = {isa = PBXBuildFile; fileRef = 5DF8BD802CA3FBC4004DBBFF /* TestUITests.swift */; };
		5DF8BD832CA3FBC4004DBBFF /* TestUITestsLaunchTests.swift in Sources */ = {isa = PBXBuildFile; fileRef = 5DF8BD822CA3FBC4004DBBFF /* TestUITestsLaunchTests.swift */; };
/* End PBXBuildFile section */

/* Begin PBXContainerItemProxy section */
		5DF8BD732CA3FBC4004DBBFF /* PBXContainerItemProxy */ = {
			isa = PBXContainerItemProxy;
			containerPortal = 5DF8BD5A2CA3FBC3004DBBFF /* Project object */;
			proxyType = 1;
			remoteGlobalIDString = 5DF8BD612CA3FBC3004DBBFF;
			remoteInfo = Test;
		};
		5DF8BD7D2CA3FBC4004DBBFF /* PBXContainerItemProxy */ = {
			isa = PBXContainerItemProxy;
			containerPortal = 5DF8BD5A2CA3FBC3004DBBFF /* Project object */;
			proxyType = 1;
			remoteGlobalIDString = 5DF8BD612CA3FBC3004DBBFF;
			remoteInfo = Test;
		};
/* End PBXContainerItemProxy section */

/* Begin PBXFileReference section */
		5DF8BD622CA3FBC3004DBBFF /* Test.app */ = {isa = PBXFileReference; explicitFileType = wrapper.application; includeInIndex = 0; path = Test.app; sourceTree = BUILT_PRODUCTS_DIR; };
		5DF8BD652CA3FBC3004DBBFF /* TestApp.swift */ = {isa = PBXFileReference; lastKnownFileType = sourcecode.swift; path = TestApp.swift; sourceTree = "<group>"; };
		5DF8BD672CA3FBC3004DBBFF /* ContentView.swift */ = {isa = PBXFileReference; lastKnownFileType = sourcecode.swift; path = ContentView.swift; sourceTree = "<group>"; };
		5DF8BD692CA3FBC3004DBBFF /* Assets.xcassets */ = {isa = PBXFileReference; lastKnownFileType = folder.assetcatalog; path = Assets.xcassets; sourceTree = "<group>"; };
		5DF8BD6C2CA3FBC3004DBBFF /* Preview Assets.xcassets */ = {isa = PBXFileReference; lastKnownFileType = folder.assetcatalog; path = "Preview Assets.xcassets"; sourceTree = "<group>"; };
		5DF8BD722CA3FBC4004DBBFF /* TestTests.xctest */ = {isa = PBXFileReference; explicitFileType = wrapper.cfbundle; includeInIndex = 0; path = TestTests.xctest; sourceTree = BUILT_PRODUCTS_DIR; };
		5DF8BD762CA3FBC4004DBBFF /* TestTests.swift */ = {isa = PBXFileReference; lastKnownFileType = sourcecode.swift; path = TestTests.swift; sourceTree = "<group>"; };
		5DF8BD7C2CA3FBC4004DBBFF /* TestUITests.xctest */ = {isa = PBXFileReference; explicitFileType = wrapper.cfbundle; includeInIndex = 0; path = TestUITests.xctest; sourceTree = BUILT_PRODUCTS_DIR; };
		5DF8BD802CA3FBC4004DBBFF /* TestUITests.swift */ = {isa = PBXFileReference; lastKnownFileType = sourcecode.swift; path = TestUITests.swift; sourceTree = "<group>"; };
		5DF8BD822CA3FBC4004DBBFF /* TestUITestsLaunchTests.swift */ = {isa = PBXFileReference; lastKnownFileType = sourcecode.swift; path = TestUITestsLaunchTests.swift; sourceTree = "<group>"; };
/* End PBXFileReference section */

/* Begin PBXFrameworksBuildPhase section */
		5DF8BD5F2CA3FBC3004DBBFF /* Frameworks */ = {
			isa = PBXFrameworksBuildPhase;
			buildActionMask = 2147483647;
			files = (
			);
			runOnlyForDeploymentPostprocessing = 0;
		};
		5DF8BD6F2CA3FBC4004DBBFF /* Frameworks */ = {
			isa = PBXFrameworksBuildPhase;
			buildActionMask = 2147483647;
			files = (
			);
			runOnlyForDeploymentPostprocessing = 0;
		};
		5DF8BD792CA3FBC4004DBBFF /* Frameworks */ = {
			isa = PBXFrameworksBuildPhase;
			buildActionMask = 2147483647;
			files = (
			);
			runOnlyForDeploymentPostprocessing = 0;
		};
/* End PBXFrameworksBuildPhase section */

/* Begin PBXGroup section */
		5DF8BD592CA3FBC3004DBBFF = {
			isa = PBXGroup;
			children = (
				5DF8BD642CA3FBC3004DBBFF /* Test */,
				5DF8BD752CA3FBC4004DBBFF /* TestTests */,
				5DF8BD7F2CA3FBC4004DBBFF /* TestUITests */,
				5DF8BD632CA3FBC3004DBBFF /* Products */,
			);
			sourceTree = "<group>";
		};
		5DF8BD632CA3FBC3004DBBFF /* Products */ = {
			isa = PBXGroup;
			children = (
				5DF8BD622CA3FBC3004DBBFF /* Test.app */,
				5DF8BD722CA3FBC4004DBBFF /* TestTests.xctest */,
				5DF8BD7C2CA3FBC4004DBBFF /* TestUITests.xctest */,
			);
			name = Products;
			sourceTree = "<group>";
		};
		5DF8BD642CA3FBC3004DBBFF /* Test */ = {
			isa = PBXGroup;
			children = (
				5DF8BD652CA3FBC3004DBBFF /* TestApp.swift */,
				5DF8BD672CA3FBC3004DBBFF /* ContentView.swift */,
				5DF8BD8F2CA3FC3B004DBBFF /* New Group */,
				5DF8BD692CA3FBC3004DBBFF /* Assets.xcassets */,
				5DF8BD6B2CA3FBC3004DBBFF /* Preview Content */,
			);
			path = Test;
			sourceTree = "<group>";
		};
		5DF8BD6B2CA3FBC3004DBBFF /* Preview Content */ = {
			isa = PBXGroup;
			children = (
				5DF8BD6C2CA3FBC3004DBBFF /* Preview Assets.xcassets */,
			);
			path = "Preview Content";
			sourceTree = "<group>";
		};
		5DF8BD752CA3FBC4004DBBFF /* TestTests */ = {
			isa = PBXGroup;
			children = (
				5DF8BD762CA3FBC4004DBBFF /* TestTests.swift */,
			);
			path = TestTests;
			sourceTree = "<group>";
		};
		5DF8BD7F2CA3FBC4004DBBFF /* TestUITests */ = {
			isa = PBXGroup;
			children = (
				5DF8BD802CA3FBC4004DBBFF /* TestUITests.swift */,
				5DF8BD822CA3FBC4004DBBFF /* TestUITestsLaunchTests.swift */,
			);
			path = TestUITests;
			sourceTree = "<group>";
		};
		5DF8BD8F2CA3FC3B004DBBFF /* New Group */ = {
			isa = PBXGroup;
			children = (
			);
			path = "New Group";
			sourceTree = "<group>";
		};
/* End PBXGroup section */

/* Begin PBXNativeTarget section */
		5DF8BD612CA3FBC3004DBBFF /* Test */ = {
			isa = PBXNativeTarget;
			buildConfigurationList = 5DF8BD862CA3FBC4004DBBFF /* Build configuration list for PBXNativeTarget "Test" */;
			buildPhases = (
				5DF8BD5E2CA3FBC3004DBBFF /* Sources */,
				5DF8BD5F2CA3FBC3004DBBFF /* Frameworks */,
				5DF8BD602CA3FBC3004DBBFF /* Resources */,
			);
			buildRules = (
			);
			dependencies = (
			);
			name = Test;
			productName = Test;
			productReference = 5DF8BD622CA3FBC3004DBBFF /* Test.app */;
			productType = "com.apple.product-type.application";
		};
		5DF8BD712CA3FBC4004DBBFF /* TestTests */ = {
			isa = PBXNativeTarget;
			buildConfigurationList = 5DF8BD892CA3FBC4004DBBFF /* Build configuration list for PBXNativeTarget "TestTests" */;
			buildPhases = (
				5DF8BD6E2CA3FBC4004DBBFF /* Sources */,
				5DF8BD6F2CA3FBC4004DBBFF /* Frameworks */,
				5DF8BD702CA3FBC4004DBBFF /* Resources */,
			);
			buildRules = (
			);
			dependencies = (
				5DF8BD742CA3FBC4004DBBFF /* PBXTargetDependency */,
			);
			name = TestTests;
			productName = TestTests;
			productReference = 5DF8BD722CA3FBC4004DBBFF /* TestTests.xctest */;
			productType = "com.apple.product-type.bundle.unit-test";
		};
		5DF8BD7B2CA3FBC4004DBBFF /* TestUITests */ = {
			isa = PBXNativeTarget;
			buildConfigurationList = 5DF8BD8C2CA3FBC4004DBBFF /* Build configuration list for PBXNativeTarget "TestUITests" */;
			buildPhases = (
				5DF8BD782CA3FBC4004DBBFF /* Sources */,
				5DF8BD792CA3FBC4004DBBFF /* Frameworks */,
				5DF8BD7A2CA3FBC4004DBBFF /* Resources */,
			);
			buildRules = (
			);
			dependencies = (
				5DF8BD7E2CA3FBC4004DBBFF /* PBXTargetDependency */,
			);
			name = TestUITests;
			productName = TestUITests;
			productReference = 5DF8BD7C2CA3FBC4004DBBFF /* TestUITests.xctest */;
			productType = "com.apple.product-type.bundle.ui-testing";
		};
/* End PBXNativeTarget section */

/* Begin PBXProject section */
		5DF8BD5A2CA3FBC3004DBBFF /* Project object */ = {
			isa = PBXProject;
			attributes = {
				BuildIndependentTargetsInParallel = 1;
				LastSwiftUpdateCheck = 1540;
				LastUpgradeCheck = 1540;
				TargetAttributes = {
					5DF8BD612CA3FBC3004DBBFF = {
						CreatedOnToolsVersion = 15.4;
					};
					5DF8BD712CA3FBC4004DBBFF = {
						CreatedOnToolsVersion = 15.4;
						TestTargetID = 5DF8BD612CA3FBC3004DBBFF;
					};
					5DF8BD7B2CA3FBC4004DBBFF = {
						CreatedOnToolsVersion = 15.4;
						TestTargetID = 5DF8BD612CA3FBC3004DBBFF;
					};
				};
			};
			buildConfigurationList = 5DF8BD5D2CA3FBC3004DBBFF /* Build configuration list for PBXProject "Test" */;
			compatibilityVersion = "Xcode 14.0";
			developmentRegion = en;
			hasScannedForEncodings = 0;
			knownRegions = (
				en,
				Base,
			);
			mainGroup = 5DF8BD592CA3FBC3004DBBFF;
			productRefGroup = 5DF8BD632CA3FBC3004DBBFF /* Products */;
			projectDirPath = "";
			projectRoot = "";
			targets = (
				5DF8BD612CA3FBC3004DBBFF /* Test */,
				5DF8BD712CA3FBC4004DBBFF /* TestTests */,
				5DF8BD7B2CA3FBC4004DBBFF /* TestUITests */,
			);
		};
/* End PBXProject section */

/* Begin PBXResourcesBuildPhase section */
		5DF8BD602CA3FBC3004DBBFF /* Resources */ = {
			isa = PBXResourcesBuildPhase;
			buildActionMask = 2147483647;
			files = (
				5DF8BD6D2CA3FBC3004DBBFF /* Preview Assets.xcassets in Resources */,
				5DF8BD6A2CA3FBC3004DBBFF /* Assets.xcassets in Resources */,
			);
			runOnlyForDeploymentPostprocessing = 0;
		};
		5DF8BD702CA3FBC4004DBBFF /* Resources */ = {
			isa = PBXResourcesBuildPhase;
			buildActionMask = 2147483647;
			files = (
			);
			runOnlyForDeploymentPostprocessing = 0;
		};
		5DF8BD7A2CA3FBC4004DBBFF /* Resources */ = {
			isa = PBXResourcesBuildPhase;
			buildActionMask = 2147483647;
			files = (
			);
			runOnlyForDeploymentPostprocessing = 0;
		};
/* End PBXResourcesBuildPhase section */

/* Begin PBXSourcesBuildPhase section */
		5DF8BD5E2CA3FBC3004DBBFF /* Sources */ = {
			isa = PBXSourcesBuildPhase;
			buildActionMask = 2147483647;
			files = (
				5DF8BD682CA3FBC3004DBBFF /* ContentView.swift in Sources */,
				5DF8BD662CA3FBC3004DBBFF /* TestApp.swift in Sources */,
			);
			runOnlyForDeploymentPostprocessing = 0;
		};
		5DF8BD6E2CA3FBC4004DBBFF /* Sources */ = {
			isa = PBXSourcesBuildPhase;
			buildActionMask = 2147483647;
			files = (
				5DF8BD772CA3FBC4004DBBFF /* TestTests.swift in Sources */,
			);
			runOnlyForDeploymentPostprocessing = 0;
		};
		5DF8BD782CA3FBC4004DBBFF /* Sources */ = {
			isa = PBXSourcesBuildPhase;
			buildActionMask = 2147483647;
			files = (
				5DF8BD832CA3FBC4004DBBFF /* TestUITestsLaunchTests.swift in Sources */,
				5DF8BD812CA3FBC4004DBBFF /* TestUITests.swift in Sources */,
			);
			runOnlyForDeploymentPostprocessing = 0;
		};
/* End PBXSourcesBuildPhase section */

/* Begin PBXTargetDependency section */
		5DF8BD742CA3FBC4004DBBFF /* PBXTargetDependency */ = {
			isa = PBXTargetDependency;
			target = 5DF8BD612CA3FBC3004DBBFF /* Test */;
			targetProxy = 5DF8BD732CA3FBC4004DBBFF /* PBXContainerItemProxy */;
		};
		5DF8BD7E2CA3FBC4004DBBFF /* PBXTargetDependency */ = {
			isa = PBXTargetDependency;
			target = 5DF8BD612CA3FBC3004DBBFF /* Test */;
			targetProxy = 5DF8BD7D2CA3FBC4004DBBFF /* PBXContainerItemProxy */;
		};
/* End PBXTargetDependency section */

/* Begin XCBuildConfiguration section */
		5DF8BD842CA3FBC4004DBBFF /* Debug */ = {
			isa = XCBuildConfiguration;
			buildSettings = {
				ALWAYS_SEARCH_USER_PATHS = NO;
				ASSETCATALOG_COMPILER_GENERATE_SWIFT_ASSET_SYMBOL_EXTENSIONS = YES;
				CLANG_ANALYZER_NONNULL = YES;
				CLANG_ANALYZER_NUMBER_OBJECT_CONVERSION = YES_AGGRESSIVE;
				CLANG_CXX_LANGUAGE_STANDARD = "gnu++20";
				CLANG_ENABLE_MODULES = YES;
				CLANG_ENABLE_OBJC_ARC = YES;
				CLANG_ENABLE_OBJC_WEAK = YES;
				CLANG_WARN_BLOCK_CAPTURE_AUTORELEASING = YES;
				CLANG_WARN_BOOL_CONVERSION = YES;
				CLANG_WARN_COMMA = YES;
				CLANG_WARN_CONSTANT_CONVERSION = YES;
				CLANG_WARN_DEPRECATED_OBJC_IMPLEMENTATIONS = YES;
				CLANG_WARN_DIRECT_OBJC_ISA_USAGE = YES_ERROR;
				CLANG_WARN_DOCUMENTATION_COMMENTS = YES;
				CLANG_WARN_EMPTY_BODY = YES;
				CLANG_WARN_ENUM_CONVERSION = YES;
				CLANG_WARN_INFINITE_RECURSION = YES;
				CLANG_WARN_INT_CONVERSION = YES;
				CLANG_WARN_NON_LITERAL_NULL_CONVERSION = YES;
				CLANG_WARN_OBJC_IMPLICIT_RETAIN_SELF = YES;
				CLANG_WARN_OBJC_LITERAL_CONVERSION = YES;
				CLANG_WARN_OBJC_ROOT_CLASS = YES_ERROR;
				CLANG_WARN_QUOTED_INCLUDE_IN_FRAMEWORK_HEADER = YES;
				CLANG_WARN_RANGE_LOOP_ANALYSIS = YES;
				CLANG_WARN_STRICT_PROTOTYPES = YES;
				CLANG_WARN_SUSPICIOUS_MOVE = YES;
				CLANG_WARN_UNGUARDED_AVAILABILITY = YES_AGGRESSIVE;
				CLANG_WARN_UNREACHABLE_CODE = YES;
				CLANG_WARN__DUPLICATE_METHOD_MATCH = YES;
				COPY_PHASE_STRIP = NO;
				DEBUG_INFORMATION_FORMAT = dwarf;
				ENABLE_STRICT_OBJC_MSGSEND = YES;
				ENABLE_TESTABILITY = YES;
				ENABLE_USER_SCRIPT_SANDBOXING = YES;
				GCC_C_LANGUAGE_STANDARD = gnu17;
				GCC_DYNAMIC_NO_PIC = NO;
				GCC_NO_COMMON_BLOCKS = YES;
				GCC_OPTIMIZATION_LEVEL = 0;
				GCC_PREPROCESSOR_DEFINITIONS = (
					"DEBUG=1",
					"$(inherited)",
				);
				GCC_WARN_64_TO_32_BIT_CONVERSION = YES;
				GCC_WARN_ABOUT_RETURN_TYPE = YES_ERROR;
				GCC_WARN_UNDECLARED_SELECTOR = YES;
				GCC_WARN_UNINITIALIZED_AUTOS = YES_AGGRESSIVE;
				GCC_WARN_UNUSED_FUNCTION = YES;
				GCC_WARN_UNUSED_VARIABLE = YES;
				IPHONEOS_DEPLOYMENT_TARGET = 17.5;
				LOCALIZATION_PREFERS_STRING_CATALOGS = YES;
				MTL_ENABLE_DEBUG_INFO = INCLUDE_SOURCE;
				MTL_FAST_MATH = YES;
				ONLY_ACTIVE_ARCH = YES;
				SDKROOT = iphoneos;
				SWIFT_ACTIVE_COMPILATION_CONDITIONS = "DEBUG $(inherited)";
				SWIFT_OPTIMIZATION_LEVEL = "-Onone";
			};
			name = Debug;
		};
		5DF8BD852CA3FBC4004DBBFF /* Release */ = {
			isa = XCBuildConfiguration;
			buildSettings = {
				ALWAYS_SEARCH_USER_PATHS = NO;
				ASSETCATALOG_COMPILER_GENERATE_SWIFT_ASSET_SYMBOL_EXTENSIONS = YES;
				CLANG_ANALYZER_NONNULL = YES;
				CLANG_ANALYZER_NUMBER_OBJECT_CONVERSION = YES_AGGRESSIVE;
				CLANG_CXX_LANGUAGE_STANDARD = "gnu++20";
				CLANG_ENABLE_MODULES = YES;
				CLANG_ENABLE_OBJC_ARC = YES;
				CLANG_ENABLE_OBJC_WEAK = YES;
				CLANG_WARN_BLOCK_CAPTURE_AUTORELEASING = YES;
				CLANG_WARN_BOOL_CONVERSION = YES;
				CLANG_WARN_COMMA = YES;
				CLANG_WARN_CONSTANT_CONVERSION = YES;
				CLANG_WARN_DEPRECATED_OBJC_IMPLEMENTATIONS = YES;
				CLANG_WARN_DIRECT_OBJC_ISA_USAGE = YES_ERROR;
				CLANG_WARN_DOCUMENTATION_COMMENTS = YES;
				CLANG_WARN_EMPTY_BODY = YES;
				CLANG_WARN_ENUM_CONVERSION = YES;
				CLANG_WARN_INFINITE_RECURSION = YES;
				CLANG_WARN_INT_CONVERSION = YES;
				CLANG_WARN_NON_LITERAL_NULL_CONVERSION = YES;
				CLANG_WARN_OBJC_IMPLICIT_RETAIN_SELF = YES;
				CLANG_WARN_OBJC_LITERAL_CONVERSION = YES;
				CLANG_WARN_OBJC_ROOT_CLASS = YES_ERROR;
				CLANG_WARN_QUOTED_INCLUDE_IN_FRAMEWORK_HEADER = YES;
				CLANG_WARN_RANGE_LOOP_ANALYSIS = YES;
				CLANG_WARN_STRICT_PROTOTYPES = YES;
				CLANG_WARN_SUSPICIOUS_MOVE = YES;
				CLANG_WARN_UNGUARDED_AVAILABILITY = YES_AGGRESSIVE;
				CLANG_WARN_UNREACHABLE_CODE = YES;
				CLANG_WARN__DUPLICATE_METHOD_MATCH = YES;
				COPY_PHASE_STRIP = NO;
				DEBUG_INFORMATION_FORMAT = "dwarf-with-dsym";
				ENABLE_NS_ASSERTIONS = NO;
				ENABLE_STRICT_OBJC_MSGSEND = YES;
				ENABLE_USER_SCRIPT_SANDBOXING = YES;
				GCC_C_LANGUAGE_STANDARD = gnu17;
				GCC_NO_COMMON_BLOCKS = YES;
				GCC_WARN_64_TO_32_BIT_CONVERSION = YES;
				GCC_WARN_ABOUT_RETURN_TYPE = YES_ERROR;
				GCC_WARN_UNDECLARED_SELECTOR = YES;
				GCC_WARN_UNINITIALIZED_AUTOS = YES_AGGRESSIVE;
				GCC_WARN_UNUSED_FUNCTION = YES;
				GCC_WARN_UNUSED_VARIABLE = YES;
				IPHONEOS_DEPLOYMENT_TARGET = 17.5;
				LOCALIZATION_PREFERS_STRING_CATALOGS = YES;
				MTL_ENABLE_DEBUG_INFO = NO;
				MTL_FAST_MATH = YES;
				SDKROOT = iphoneos;
				SWIFT_COMPILATION_MODE = wholemodule;
				VALIDATE_PRODUCT = YES;
			};
			name = Release;
		};
		5DF8BD872CA3FBC4004DBBFF /* Debug */ = {
			isa = XCBuildConfiguration;
			buildSettings = {
				ASSETCATALOG_COMPILER_APPICON_NAME = AppIcon;
				ASSETCATALOG_COMPILER_GLOBAL_ACCENT_COLOR_NAME = AccentColor;
				CODE_SIGN_STYLE = Automatic;
				CURRENT_PROJECT_VERSION = 1;
				DEVELOPMENT_ASSET_PATHS = "\"Test/Preview Content\"";
				ENABLE_PREVIEWS = YES;
				GENERATE_INFOPLIST_FILE = YES;
				INFOPLIST_KEY_UIApplicationSceneManifest_Generation = YES;
				INFOPLIST_KEY_UIApplicationSupportsIndirectInputEvents = YES;
				INFOPLIST_KEY_UILaunchScreen_Generation = YES;
				INFOPLIST_KEY_UISupportedInterfaceOrientations_iPad = "UIInterfaceOrientationPortrait UIInterfaceOrientationPortraitUpsideDown UIInterfaceOrientationLandscapeLeft UIInterfaceOrientationLandscapeRight";
				INFOPLIST_KEY_UISupportedInterfaceOrientations_iPhone = "UIInterfaceOrientationPortrait UIInterfaceOrientationLandscapeLeft UIInterfaceOrientationLandscapeRight";
				LD_RUNPATH_SEARCH_PATHS = (
					"$(inherited)",
					"@executable_path/Frameworks",
				);
				MARKETING_VERSION = 1.0;
				PRODUCT_BUNDLE_IDENTIFIER = www.test.Test;
				PRODUCT_NAME = "$(TARGET_NAME)";
				SWIFT_EMIT_LOC_STRINGS = YES;
				SWIFT_VERSION = 5.0;
				TARGETED_DEVICE_FAMILY = "1,2";
			};
			name = Debug;
		};
		5DF8BD882CA3FBC4004DBBFF /* Release */ = {
			isa = XCBuildConfiguration;
			buildSettings = {
				ASSETCATALOG_COMPILER_APPICON_NAME = AppIcon;
				ASSETCATALOG_COMPILER_GLOBAL_ACCENT_COLOR_NAME = AccentColor;
				CODE_SIGN_STYLE = Automatic;
				CURRENT_PROJECT_VERSION = 1;
				DEVELOPMENT_ASSET_PATHS = "\"Test/Preview Content\"";
				ENABLE_PREVIEWS = YES;
				GENERATE_INFOPLIST_FILE = YES;
				INFOPLIST_KEY_UIApplicationSceneManifest_Generation = YES;
				INFOPLIST_KEY_UIApplicationSupportsIndirectInputEvents = YES;
				INFOPLIST_KEY_UILaunchScreen_Generation = YES;
				INFOPLIST_KEY_UISupportedInterfaceOrientations_iPad = "UIInterfaceOrientationPortrait UIInterfaceOrientationPortraitUpsideDown UIInterfaceOrientationLandscapeLeft UIInterfaceOrientationLandscapeRight";
				INFOPLIST_KEY_UISupportedInterfaceOrientations_iPhone = "UIInterfaceOrientationPortrait UIInterfaceOrientationLandscapeLeft UIInterfaceOrientationLandscapeRight";
				LD_RUNPATH_SEARCH_PATHS = (
					"$(inherited)",
					"@executable_path/Frameworks",
				);
				MARKETING_VERSION = 1.0;
				PRODUCT_BUNDLE_IDENTIFIER = www.test.Test;
				PRODUCT_NAME = "$(TARGET_NAME)";
				SWIFT_EMIT_LOC_STRINGS = YES;
				SWIFT_VERSION = 5.0;
				TARGETED_DEVICE_FAMILY = "1,2";
			};
			name = Release;
		};
		5DF8BD8A2CA3FBC4004DBBFF /* Debug */ = {
			isa = XCBuildConfiguration;
			buildSettings = {
				ALWAYS_EMBED_SWIFT_STANDARD_LIBRARIES = YES;
				BUNDLE_LOADER = "$(TEST_HOST)";
				CODE_SIGN_STYLE = Automatic;
				CURRENT_PROJECT_VERSION = 1;
				GENERATE_INFOPLIST_FILE = YES;
				IPHONEOS_DEPLOYMENT_TARGET = 17.5;
				MARKETING_VERSION = 1.0;
				PRODUCT_BUNDLE_IDENTIFIER = www.test.TestTests;
				PRODUCT_NAME = "$(TARGET_NAME)";
				SWIFT_EMIT_LOC_STRINGS = NO;
				SWIFT_VERSION = 5.0;
				TARGETED_DEVICE_FAMILY = "1,2";
				TEST_HOST = "$(BUILT_PRODUCTS_DIR)/Test.app/$(BUNDLE_EXECUTABLE_FOLDER_PATH)/Test";
			};
			name = Debug;
		};
		5DF8BD8B2CA3FBC4004DBBFF /* Release */ = {
			isa = XCBuildConfiguration;
			buildSettings = {
				ALWAYS_EMBED_SWIFT_STANDARD_LIBRARIES = YES;
				BUNDLE_LOADER = "$(TEST_HOST)";
				CODE_SIGN_STYLE = Automatic;
				CURRENT_PROJECT_VERSION = 1;
				GENERATE_INFOPLIST_FILE = YES;
				IPHONEOS_DEPLOYMENT_TARGET = 17.5;
				MARKETING_VERSION = 1.0;
				PRODUCT_BUNDLE_IDENTIFIER = www.test.TestTests;
				PRODUCT_NAME = "$(TARGET_NAME)";
				SWIFT_EMIT_LOC_STRINGS = NO;
				SWIFT_VERSION = 5.0;
				TARGETED_DEVICE_FAMILY = "1,2";
				TEST_HOST = "$(BUILT_PRODUCTS_DIR)/Test.app/$(BUNDLE_EXECUTABLE_FOLDER_PATH)/Test";
			};
			name = Release;
		};
		5DF8BD8D2CA3FBC4004DBBFF /* Debug */ = {
			isa = XCBuildConfiguration;
			buildSettings = {
				ALWAYS_EMBED_SWIFT_STANDARD_LIBRARIES = YES;
				CODE_SIGN_STYLE = Automatic;
				CURRENT_PROJECT_VERSION = 1;
				GENERATE_INFOPLIST_FILE = YES;
				MARKETING_VERSION = 1.0;
				PRODUCT_BUNDLE_IDENTIFIER = www.test.TestUITests;
				PRODUCT_NAME = "$(TARGET_NAME)";
				SWIFT_EMIT_LOC_STRINGS = NO;
				SWIFT_VERSION = 5.0;
				TARGETED_DEVICE_FAMILY = "1,2";
				TEST_TARGET_NAME = Test;
			};
			name = Debug;
		};
		5DF8BD8E2CA3FBC4004DBBFF /* Release */ = {
			isa = XCBuildConfiguration;
			buildSettings = {
				ALWAYS_EMBED_SWIFT_STANDARD_LIBRARIES = YES;
				CODE_SIGN_STYLE = Automatic;
				CURRENT_PROJECT_VERSION = 1;
				GENERATE_INFOPLIST_FILE = YES;
				MARKETING_VERSION = 1.0;
				PRODUCT_BUNDLE_IDENTIFIER = www.test.TestUITests;
				PRODUCT_NAME = "$(TARGET_NAME)";
				SWIFT_EMIT_LOC_STRINGS = NO;
				SWIFT_VERSION = 5.0;
				TARGETED_DEVICE_FAMILY = "1,2";
				TEST_TARGET_NAME = Test;
			};
			name = Release;
		};
/* End XCBuildConfiguration section */

/* Begin XCConfigurationList section */
		5DF8BD5D2CA3FBC3004DBBFF /* Build configuration list for PBXProject "Test" */ = {
			isa = XCConfigurationList;
			buildConfigurations = (
				5DF8BD842CA3FBC4004DBBFF /* Debug */,
				5DF8BD852CA3FBC4004DBBFF /* Release */,
			);
			defaultConfigurationIsVisible = 0;
			defaultConfigurationName = Release;
		};
		5DF8BD862CA3FBC4004DBBFF /* Build configuration list for PBXNativeTarget "Test" */ = {
			isa = XCConfigurationList;
			buildConfigurations = (
				5DF8BD872CA3FBC4004DBBFF /* Debug */,
				5DF8BD882CA3FBC4004DBBFF /* Release */,
			);
			defaultConfigurationIsVisible = 0;
			defaultConfigurationName = Release;
		};
		5DF8BD892CA3FBC4004DBBFF /* Build configuration list for PBXNativeTarget "TestTests" */ = {
			isa = XCConfigurationList;
			buildConfigurations = (
				5DF8BD8A2CA3FBC4004DBBFF /* Debug */,
				5DF8BD8B2CA3FBC4004DBBFF /* Release */,
			);
			defaultConfigurationIsVisible = 0;
			defaultConfigurationName = Release;
		};
		5DF8BD8C2CA3FBC4004DBBFF /* Build configuration list for PBXNativeTarget "TestUITests" */ = {
			isa = XCConfigurationList;
			buildConfigurations = (
				5DF8BD8D2CA3FBC4004DBBFF /* Debug */,
				5DF8BD8E2CA3FBC4004DBBFF /* Release */,
			);
			defaultConfigurationIsVisible = 0;
			defaultConfigurationName = Release;
		};
/* End XCConfigurationList section */
	};
	rootObject = 5DF8BD5A2CA3FBC3004DBBFF /* Project object */;
}
